
Microsoft Visual Studio Solution File, Format Version 11.00
# Visual Studio 2010
Project("{FAE04EC0-301F-11D3-BF4B-00C04F79EFBC}") = "SDRBlocks", "SDRBlocks\SDRBlocks.csproj", "{BB8C5354-4CDC-4BBC-98D3-BE3C7F45D2D0}"
EndProject
Project("{FAE04EC0-301F-11D3-BF4B-00C04F79EFBC}") = "SDRBlocks.Core", "SDRBlocks.Core\SDRBlocks.Core.csproj", "{A69C1399-C4B8-428D-8C58-8D5370F3482F}"
EndProject
Project("{FAE04EC0-301F-11D3-BF4B-00C04F79EFBC}") = "SDRBlocks.IO.PortAudio", "SDRBlocks.IO.PortAudio\SDRBlocks.IO.PortAudio.csproj", "{C5EC45E2-2EA2-470E-99FB-0466AEE4A5E6}"
	ProjectSection(ProjectDependencies) = postProject
		{0A18A071-125E-442F-AFF7-A3F68ABECF99} = {0A18A071-125E-442F-AFF7-A3F68ABECF99}
	EndProjectSection
EndProject
Project("{FAE04EC0-301F-11D3-BF4B-00C04F79EFBC}") = "SDRBlocks.Tester", "SDRBlocks.Tester\SDRBlocks.Tester.csproj", "{B313D395-7118-4BB1-9A00-7B0463CECBAF}"
	ProjectSection(ProjectDependencies) = postProject
		{0A18A071-125E-442F-AFF7-A3F68ABECF99} = {0A18A071-125E-442F-AFF7-A3F68ABECF99}
	EndProjectSection
EndProject
Project("{8BC9CEB8-8B4A-11D0-8D11-00A0C91BC942}") = "portaudio", "PortAudio\build\msvc\portaudio.vcxproj", "{0A18A071-125E-442F-AFF7-A3F68ABECF99}"
EndProject
Global
	GlobalSection(SolutionConfigurationPlatforms) = preSolution
		Debug|Any CPU = Debug|Any CPU
		Debug|Mixed Platforms = Debug|Mixed Platforms
		Debug|Win32 = Debug|Win32
		Debug|x64 = Debug|x64
		Debug|x86 = Debug|x86
		Release|Any CPU = Release|Any CPU
		Release|Mixed Platforms = Release|Mixed Platforms
		Release|Win32 = Release|Win32
		Release|x64 = Release|x64
		Release|x86 = Release|x86
		ReleaseMinDependency|Any CPU = ReleaseMinDependency|Any CPU
		ReleaseMinDependency|Mixed Platforms = ReleaseMinDependency|Mixed Platforms
		ReleaseMinDependency|Win32 = ReleaseMinDependency|Win32
		ReleaseMinDependency|x64 = ReleaseMinDependency|x64
		ReleaseMinDependency|x86 = ReleaseMinDependency|x86
	EndGlobalSection
	GlobalSection(ProjectConfigurationPlatforms) = postSolution
		{BB8C5354-4CDC-4BBC-98D3-BE3C7F45D2D0}.Debug|Any CPU.ActiveCfg = Debug|Any CPU
		{BB8C5354-4CDC-4BBC-98D3-BE3C7F45D2D0}.Debug|Any CPU.Build.0 = Debug|Any CPU
		{BB8C5354-4CDC-4BBC-98D3-BE3C7F45D2D0}.Debug|Mixed Platforms.ActiveCfg = Debug|Any CPU
		{BB8C5354-4CDC-4BBC-98D3-BE3C7F45D2D0}.Debug|Mixed Platforms.Build.0 = Debug|Any CPU
		{BB8C5354-4CDC-4BBC-98D3-BE3C7F45D2D0}.Debug|Win32.ActiveCfg = Debug|Any CPU
		{BB8C5354-4CDC-4BBC-98D3-BE3C7F45D2D0}.Debug|x64.ActiveCfg = Debug|Any CPU
		{BB8C5354-4CDC-4BBC-98D3-BE3C7F45D2D0}.Debug|x86.ActiveCfg = Debug|Any CPU
		{BB8C5354-4CDC-4BBC-98D3-BE3C7F45D2D0}.Release|Any CPU.ActiveCfg = Release|Any CPU
		{BB8C5354-4CDC-4BBC-98D3-BE3C7F45D2D0}.Release|Any CPU.Build.0 = Release|Any CPU
		{BB8C5354-4CDC-4BBC-98D3-BE3C7F45D2D0}.Release|Mixed Platforms.ActiveCfg = Release|Any CPU
		{BB8C5354-4CDC-4BBC-98D3-BE3C7F45D2D0}.Release|Mixed Platforms.Build.0 = Release|Any CPU
		{BB8C5354-4CDC-4BBC-98D3-BE3C7F45D2D0}.Release|Win32.ActiveCfg = Release|Any CPU
		{BB8C5354-4CDC-4BBC-98D3-BE3C7F45D2D0}.Release|x64.ActiveCfg = Release|Any CPU
		{BB8C5354-4CDC-4BBC-98D3-BE3C7F45D2D0}.Release|x86.ActiveCfg = Release|Any CPU
		{BB8C5354-4CDC-4BBC-98D3-BE3C7F45D2D0}.ReleaseMinDependency|Any CPU.ActiveCfg = Release|Any CPU
		{BB8C5354-4CDC-4BBC-98D3-BE3C7F45D2D0}.ReleaseMinDependency|Any CPU.Build.0 = Release|Any CPU
		{BB8C5354-4CDC-4BBC-98D3-BE3C7F45D2D0}.ReleaseMinDependency|Mixed Platforms.ActiveCfg = Release|Any CPU
		{BB8C5354-4CDC-4BBC-98D3-BE3C7F45D2D0}.ReleaseMinDependency|Mixed Platforms.Build.0 = Release|Any CPU
		{BB8C5354-4CDC-4BBC-98D3-BE3C7F45D2D0}.ReleaseMinDependency|Win32.ActiveCfg = Release|Any CPU
		{BB8C5354-4CDC-4BBC-98D3-BE3C7F45D2D0}.ReleaseMinDependency|x64.ActiveCfg = Release|Any CPU
		{BB8C5354-4CDC-4BBC-98D3-BE3C7F45D2D0}.ReleaseMinDependency|x86.ActiveCfg = Release|Any CPU
		{A69C1399-C4B8-428D-8C58-8D5370F3482F}.Debug|Any CPU.ActiveCfg = Debug|Any CPU
		{A69C1399-C4B8-428D-8C58-8D5370F3482F}.Debug|Any CPU.Build.0 = Debug|Any CPU
		{A69C1399-C4B8-428D-8C58-8D5370F3482F}.Debug|Mixed Platforms.ActiveCfg = Debug|Any CPU
		{A69C1399-C4B8-428D-8C58-8D5370F3482F}.Debug|Mixed Platforms.Build.0 = Debug|Any CPU
		{A69C1399-C4B8-428D-8C58-8D5370F3482F}.Debug|Win32.ActiveCfg = Debug|Any CPU
		{A69C1399-C4B8-428D-8C58-8D5370F3482F}.Debug|x64.ActiveCfg = Debug|Any CPU
		{A69C1399-C4B8-428D-8C58-8D5370F3482F}.Debug|x86.ActiveCfg = Debug|Any CPU
		{A69C1399-C4B8-428D-8C58-8D5370F3482F}.Release|Any CPU.ActiveCfg = Release|Any CPU
		{A69C1399-C4B8-428D-8C58-8D5370F3482F}.Release|Any CPU.Build.0 = Release|Any CPU
		{A69C1399-C4B8-428D-8C58-8D5370F3482F}.Release|Mixed Platforms.ActiveCfg = Release|Any CPU
		{A69C1399-C4B8-428D-8C58-8D5370F3482F}.Release|Mixed Platforms.Build.0 = Release|Any CPU
		{A69C1399-C4B8-428D-8C58-8D5370F3482F}.Release|Win32.ActiveCfg = Release|Any CPU
		{A69C1399-C4B8-428D-8C58-8D5370F3482F}.Release|x64.ActiveCfg = Release|Any CPU
		{A69C1399-C4B8-428D-8C58-8D5370F3482F}.Release|x86.ActiveCfg = Release|Any CPU
		{A69C1399-C4B8-428D-8C58-8D5370F3482F}.ReleaseMinDependency|Any CPU.ActiveCfg = Release|Any CPU
		{A69C1399-C4B8-428D-8C58-8D5370F3482F}.ReleaseMinDependency|Any CPU.Build.0 = Release|Any CPU
		{A69C1399-C4B8-428D-8C58-8D5370F3482F}.ReleaseMinDependency|Mixed Platforms.ActiveCfg = Release|Any CPU
		{A69C1399-C4B8-428D-8C58-8D5370F3482F}.ReleaseMinDependency|Mixed Platforms.Build.0 = Release|Any CPU
		{A69C1399-C4B8-428D-8C58-8D5370F3482F}.ReleaseMinDependency|Win32.ActiveCfg = Release|Any CPU
		{A69C1399-C4B8-428D-8C58-8D5370F3482F}.ReleaseMinDependency|x64.ActiveCfg = Release|Any CPU
		{A69C1399-C4B8-428D-8C58-8D5370F3482F}.ReleaseMinDependency|x86.ActiveCfg = Release|Any CPU
		{C5EC45E2-2EA2-470E-99FB-0466AEE4A5E6}.Debug|Any CPU.ActiveCfg = Debug|Any CPU
		{C5EC45E2-2EA2-470E-99FB-0466AEE4A5E6}.Debug|Any CPU.Build.0 = Debug|Any CPU
		{C5EC45E2-2EA2-470E-99FB-0466AEE4A5E6}.Debug|Mixed Platforms.ActiveCfg = Debug|Any CPU
		{C5EC45E2-2EA2-470E-99FB-0466AEE4A5E6}.Debug|Mixed Platforms.Build.0 = Debug|Any CPU
		{C5EC45E2-2EA2-470E-99FB-0466AEE4A5E6}.Debug|Win32.ActiveCfg = Debug|Any CPU
		{C5EC45E2-2EA2-470E-99FB-0466AEE4A5E6}.Debug|x64.ActiveCfg = Debug|Any CPU
		{C5EC45E2-2EA2-470E-99FB-0466AEE4A5E6}.Debug|x86.ActiveCfg = Debug|Any CPU
		{C5EC45E2-2EA2-470E-99FB-0466AEE4A5E6}.Release|Any CPU.ActiveCfg = Release|Any CPU
		{C5EC45E2-2EA2-470E-99FB-0466AEE4A5E6}.Release|Any CPU.Build.0 = Release|Any CPU
		{C5EC45E2-2EA2-470E-99FB-0466AEE4A5E6}.Release|Mixed Platforms.ActiveCfg = Release|Any CPU
		{C5EC45E2-2EA2-470E-99FB-0466AEE4A5E6}.Release|Mixed Platforms.Build.0 = Release|Any CPU
		{C5EC45E2-2EA2-470E-99FB-0466AEE4A5E6}.Release|Win32.ActiveCfg = Release|Any CPU
		{C5EC45E2-2EA2-470E-99FB-0466AEE4A5E6}.Release|x64.ActiveCfg = Release|Any CPU
		{C5EC45E2-2EA2-470E-99FB-0466AEE4A5E6}.Release|x86.ActiveCfg = Release|Any CPU
		{C5EC45E2-2EA2-470E-99FB-0466AEE4A5E6}.ReleaseMinDependency|Any CPU.ActiveCfg = Release|Any CPU
		{C5EC45E2-2EA2-470E-99FB-0466AEE4A5E6}.ReleaseMinDependency|Any CPU.Build.0 = Release|Any CPU
		{C5EC45E2-2EA2-470E-99FB-0466AEE4A5E6}.ReleaseMinDependency|Mixed Platforms.ActiveCfg = Release|Any CPU
		{C5EC45E2-2EA2-470E-99FB-0466AEE4A5E6}.ReleaseMinDependency|Mixed Platforms.Build.0 = Release|Any CPU
		{C5EC45E2-2EA2-470E-99FB-0466AEE4A5E6}.ReleaseMinDependency|Win32.ActiveCfg = Release|Any CPU
		{C5EC45E2-2EA2-470E-99FB-0466AEE4A5E6}.ReleaseMinDependency|x64.ActiveCfg = Release|Any CPU
		{C5EC45E2-2EA2-470E-99FB-0466AEE4A5E6}.ReleaseMinDependency|x86.ActiveCfg = Release|Any CPU
		{B313D395-7118-4BB1-9A00-7B0463CECBAF}.Debug|Any CPU.ActiveCfg = Debug|x86
		{B313D395-7118-4BB1-9A00-7B0463CECBAF}.Debug|Mixed Platforms.ActiveCfg = Debug|x86
		{B313D395-7118-4BB1-9A00-7B0463CECBAF}.Debug|Mixed Platforms.Build.0 = Debug|x86
		{B313D395-7118-4BB1-9A00-7B0463CECBAF}.Debug|Win32.ActiveCfg = Debug|x86
		{B313D395-7118-4BB1-9A00-7B0463CECBAF}.Debug|x64.ActiveCfg = Debug|x86
		{B313D395-7118-4BB1-9A00-7B0463CECBAF}.Debug|x86.ActiveCfg = Debug|x86
		{B313D395-7118-4BB1-9A00-7B0463CECBAF}.Debug|x86.Build.0 = Debug|x86
		{B313D395-7118-4BB1-9A00-7B0463CECBAF}.Release|Any CPU.ActiveCfg = Release|x86
		{B313D395-7118-4BB1-9A00-7B0463CECBAF}.Release|Mixed Platforms.ActiveCfg = Release|x86
		{B313D395-7118-4BB1-9A00-7B0463CECBAF}.Release|Mixed Platforms.Build.0 = Release|x86
		{B313D395-7118-4BB1-9A00-7B0463CECBAF}.Release|Win32.ActiveCfg = Release|x86
		{B313D395-7118-4BB1-9A00-7B0463CECBAF}.Release|x64.ActiveCfg = Release|x86
		{B313D395-7118-4BB1-9A00-7B0463CECBAF}.Release|x86.ActiveCfg = Release|x86
		{B313D395-7118-4BB1-9A00-7B0463CECBAF}.Release|x86.Build.0 = Release|x86
		{B313D395-7118-4BB1-9A00-7B0463CECBAF}.ReleaseMinDependency|Any CPU.ActiveCfg = Release|x86
		{B313D395-7118-4BB1-9A00-7B0463CECBAF}.ReleaseMinDependency|Mixed Platforms.ActiveCfg = Release|x86
		{B313D395-7118-4BB1-9A00-7B0463CECBAF}.ReleaseMinDependency|Mixed Platforms.Build.0 = Release|x86
		{B313D395-7118-4BB1-9A00-7B0463CECBAF}.ReleaseMinDependency|Win32.ActiveCfg = Release|x86
		{B313D395-7118-4BB1-9A00-7B0463CECBAF}.ReleaseMinDependency|x64.ActiveCfg = Release|x86
		{B313D395-7118-4BB1-9A00-7B0463CECBAF}.ReleaseMinDependency|x86.ActiveCfg = Release|x86
		{B313D395-7118-4BB1-9A00-7B0463CECBAF}.ReleaseMinDependency|x86.Build.0 = Release|x86
		{0A18A071-125E-442F-AFF7-A3F68ABECF99}.Debug|Any CPU.ActiveCfg = Debug|x64
		{0A18A071-125E-442F-AFF7-A3F68ABECF99}.Debug|Mixed Platforms.ActiveCfg = Debug|Win32
		{0A18A071-125E-442F-AFF7-A3F68ABECF99}.Debug|Mixed Platforms.Build.0 = Debug|Win32
		{0A18A071-125E-442F-AFF7-A3F68ABECF99}.Debug|Win32.ActiveCfg = Debug|Win32
		{0A18A071-125E-442F-AFF7-A3F68ABECF99}.Debug|Win32.Build.0 = Debug|Win32
		{0A18A071-125E-442F-AFF7-A3F68ABECF99}.Debug|x64.ActiveCfg = Debug|x64
		{0A18A071-125E-442F-AFF7-A3F68ABECF99}.Debug|x64.Build.0 = Debug|x64
		{0A18A071-125E-442F-AFF7-A3F68ABECF99}.Debug|x86.ActiveCfg = Debug|x64
		{0A18A071-125E-442F-AFF7-A3F68ABECF99}.Release|Any CPU.ActiveCfg = Release|x64
		{0A18A071-125E-442F-AFF7-A3F68ABECF99}.Release|Mixed Platforms.ActiveCfg = Release|Win32
		{0A18A071-125E-442F-AFF7-A3F68ABECF99}.Release|Mixed Platforms.Build.0 = Release|Win32
		{0A18A071-125E-442F-AFF7-A3F68ABECF99}.Release|Win32.ActiveCfg = Release|Win32
		{0A18A071-125E-442F-AFF7-A3F68ABECF99}.Release|Win32.Build.0 = Release|Win32
		{0A18A071-125E-442F-AFF7-A3F68ABECF99}.Release|x64.ActiveCfg = Release|x64
		{0A18A071-125E-442F-AFF7-A3F68ABECF99}.Release|x64.Build.0 = Release|x64
		{0A18A071-125E-442F-AFF7-A3F68ABECF99}.Release|x86.ActiveCfg = Release|x64
		{0A18A071-125E-442F-AFF7-A3F68ABECF99}.ReleaseMinDependency|Any CPU.ActiveCfg = ReleaseMinDependency|x64
		{0A18A071-125E-442F-AFF7-A3F68ABECF99}.ReleaseMinDependency|Mixed Platforms.ActiveCfg = ReleaseMinDependency|Win32
		{0A18A071-125E-442F-AFF7-A3F68ABECF99}.ReleaseMinDependency|Mixed Platforms.Build.0 = ReleaseMinDependency|Win32
		{0A18A071-125E-442F-AFF7-A3F68ABECF99}.ReleaseMinDependency|Win32.ActiveCfg = ReleaseMinDependency|Win32
		{0A18A071-125E-442F-AFF7-A3F68ABECF99}.ReleaseMinDependency|Win32.Build.0 = ReleaseMinDependency|Win32
		{0A18A071-125E-442F-AFF7-A3F68ABECF99}.ReleaseMinDependency|x64.ActiveCfg = ReleaseMinDependency|x64
		{0A18A071-125E-442F-AFF7-A3F68ABECF99}.ReleaseMinDependency|x64.Build.0 = ReleaseMinDependency|x64
		{0A18A071-125E-442F-AFF7-A3F68ABECF99}.ReleaseMinDependency|x86.ActiveCfg = ReleaseMinDependency|x64
	EndGlobalSection
	GlobalSection(SolutionProperties) = preSolution
		HideSolutionNode = FALSE
	EndGlobalSection
EndGlobal
