
Microsoft Visual Studio Solution File, Format Version 11.00
# Visual Studio 2010
Project("{FAE04EC0-301F-11D3-BF4B-00C04F79EFBC}") = "SDRBlocks", "SDRBlocks\SDRBlocks.csproj", "{1A0A2A0D-66AE-4B6F-88F7-792F85CF3679}"
EndProject
Project("{FAE04EC0-301F-11D3-BF4B-00C04F79EFBC}") = "SDRBlocks.Core", "SDRBlocks.Core\SDRBlocks.Core.csproj", "{A69C1399-C4B8-428D-8C58-8D5370F3482F}"
EndProject
Project("{FAE04EC0-301F-11D3-BF4B-00C04F79EFBC}") = "SDRBlocks.Tester", "SDRBlocks.Tester\SDRBlocks.Tester.csproj", "{B313D395-7118-4BB1-9A00-7B0463CECBAF}"
EndProject
Project("{FAE04EC0-301F-11D3-BF4B-00C04F79EFBC}") = "SDRBlocks.IO.WMME", "SDRBlocks.IO.WMME\SDRBlocks.IO.WMME.csproj", "{34560B8F-4BE4-478B-A5BC-AA168832F09B}"
EndProject
Project("{FAE04EC0-301F-11D3-BF4B-00C04F79EFBC}") = "SDRBlocks.UI", "SDRBlocks.UI\SDRBlocks.UI.csproj", "{D4AE4B03-4DAB-4D7D-AB54-F61C53CAB1D5}"
EndProject
Project("{FAE04EC0-301F-11D3-BF4B-00C04F79EFBC}") = "SDRBlocks.IO.FunCubeDongle", "SDRBlocks.IO.FunCubeDongle\SDRBlocks.IO.FunCubeDongle.csproj", "{03DB364B-ADB1-4EB1-B503-17576DC2CA62}"
EndProject
Project("{FAE04EC0-301F-11D3-BF4B-00C04F79EFBC}") = "SDRBlocks.Misc.USBAPI", "SDRBlocks.Misc.USBAPI\SDRBlocks.Misc.USBAPI.csproj", "{E080EE60-2CA0-4B6C-AE1C-907F4D6C70F0}"
EndProject
Global
	GlobalSection(SolutionConfigurationPlatforms) = preSolution
		Debug|Any CPU = Debug|Any CPU
		Debug|Mixed Platforms = Debug|Mixed Platforms
		Debug|Win32 = Debug|Win32
		Debug|x64 = Debug|x64
		Debug|x86 = Debug|x86
		Release|Any CPU = Release|Any CPU
		Release|Mixed Platforms = Release|Mixed Platforms
		Release|Win32 = Release|Win32
		Release|x64 = Release|x64
		Release|x86 = Release|x86
		ReleaseMinDependency|Any CPU = ReleaseMinDependency|Any CPU
		ReleaseMinDependency|Mixed Platforms = ReleaseMinDependency|Mixed Platforms
		ReleaseMinDependency|Win32 = ReleaseMinDependency|Win32
		ReleaseMinDependency|x64 = ReleaseMinDependency|x64
		ReleaseMinDependency|x86 = ReleaseMinDependency|x86
	EndGlobalSection
	GlobalSection(ProjectConfigurationPlatforms) = postSolution
		{1A0A2A0D-66AE-4B6F-88F7-792F85CF3679}.Debug|Any CPU.ActiveCfg = Debug|x86
		{1A0A2A0D-66AE-4B6F-88F7-792F85CF3679}.Debug|Mixed Platforms.ActiveCfg = Debug|x86
		{1A0A2A0D-66AE-4B6F-88F7-792F85CF3679}.Debug|Mixed Platforms.Build.0 = Debug|x86
		{1A0A2A0D-66AE-4B6F-88F7-792F85CF3679}.Debug|Win32.ActiveCfg = Debug|x86
		{1A0A2A0D-66AE-4B6F-88F7-792F85CF3679}.Debug|x64.ActiveCfg = Debug|x86
		{1A0A2A0D-66AE-4B6F-88F7-792F85CF3679}.Debug|x86.ActiveCfg = Debug|x86
		{1A0A2A0D-66AE-4B6F-88F7-792F85CF3679}.Debug|x86.Build.0 = Debug|x86
		{1A0A2A0D-66AE-4B6F-88F7-792F85CF3679}.Release|Any CPU.ActiveCfg = Release|x86
		{1A0A2A0D-66AE-4B6F-88F7-792F85CF3679}.Release|Mixed Platforms.ActiveCfg = Release|x86
		{1A0A2A0D-66AE-4B6F-88F7-792F85CF3679}.Release|Mixed Platforms.Build.0 = Release|x86
		{1A0A2A0D-66AE-4B6F-88F7-792F85CF3679}.Release|Win32.ActiveCfg = Release|x86
		{1A0A2A0D-66AE-4B6F-88F7-792F85CF3679}.Release|x64.ActiveCfg = Release|x86
		{1A0A2A0D-66AE-4B6F-88F7-792F85CF3679}.Release|x86.ActiveCfg = Release|x86
		{1A0A2A0D-66AE-4B6F-88F7-792F85CF3679}.Release|x86.Build.0 = Release|x86
		{1A0A2A0D-66AE-4B6F-88F7-792F85CF3679}.ReleaseMinDependency|Any CPU.ActiveCfg = Release|x86
		{1A0A2A0D-66AE-4B6F-88F7-792F85CF3679}.ReleaseMinDependency|Mixed Platforms.ActiveCfg = Release|x86
		{1A0A2A0D-66AE-4B6F-88F7-792F85CF3679}.ReleaseMinDependency|Mixed Platforms.Build.0 = Release|x86
		{1A0A2A0D-66AE-4B6F-88F7-792F85CF3679}.ReleaseMinDependency|Win32.ActiveCfg = Release|x86
		{1A0A2A0D-66AE-4B6F-88F7-792F85CF3679}.ReleaseMinDependency|x64.ActiveCfg = Release|x86
		{1A0A2A0D-66AE-4B6F-88F7-792F85CF3679}.ReleaseMinDependency|x86.ActiveCfg = Release|x86
		{1A0A2A0D-66AE-4B6F-88F7-792F85CF3679}.ReleaseMinDependency|x86.Build.0 = Release|x86
		{A69C1399-C4B8-428D-8C58-8D5370F3482F}.Debug|Any CPU.ActiveCfg = Debug|Any CPU
		{A69C1399-C4B8-428D-8C58-8D5370F3482F}.Debug|Any CPU.Build.0 = Debug|Any CPU
		{A69C1399-C4B8-428D-8C58-8D5370F3482F}.Debug|Mixed Platforms.ActiveCfg = Debug|Any CPU
		{A69C1399-C4B8-428D-8C58-8D5370F3482F}.Debug|Mixed Platforms.Build.0 = Debug|Any CPU
		{A69C1399-C4B8-428D-8C58-8D5370F3482F}.Debug|Win32.ActiveCfg = Debug|Any CPU
		{A69C1399-C4B8-428D-8C58-8D5370F3482F}.Debug|x64.ActiveCfg = Debug|Any CPU
		{A69C1399-C4B8-428D-8C58-8D5370F3482F}.Debug|x86.ActiveCfg = Debug|Any CPU
		{A69C1399-C4B8-428D-8C58-8D5370F3482F}.Release|Any CPU.ActiveCfg = Release|Any CPU
		{A69C1399-C4B8-428D-8C58-8D5370F3482F}.Release|Any CPU.Build.0 = Release|Any CPU
		{A69C1399-C4B8-428D-8C58-8D5370F3482F}.Release|Mixed Platforms.ActiveCfg = Release|Any CPU
		{A69C1399-C4B8-428D-8C58-8D5370F3482F}.Release|Mixed Platforms.Build.0 = Release|Any CPU
		{A69C1399-C4B8-428D-8C58-8D5370F3482F}.Release|Win32.ActiveCfg = Release|Any CPU
		{A69C1399-C4B8-428D-8C58-8D5370F3482F}.Release|x64.ActiveCfg = Release|Any CPU
		{A69C1399-C4B8-428D-8C58-8D5370F3482F}.Release|x86.ActiveCfg = Release|Any CPU
		{A69C1399-C4B8-428D-8C58-8D5370F3482F}.ReleaseMinDependency|Any CPU.ActiveCfg = Release|Any CPU
		{A69C1399-C4B8-428D-8C58-8D5370F3482F}.ReleaseMinDependency|Any CPU.Build.0 = Release|Any CPU
		{A69C1399-C4B8-428D-8C58-8D5370F3482F}.ReleaseMinDependency|Mixed Platforms.ActiveCfg = Release|Any CPU
		{A69C1399-C4B8-428D-8C58-8D5370F3482F}.ReleaseMinDependency|Mixed Platforms.Build.0 = Release|Any CPU
		{A69C1399-C4B8-428D-8C58-8D5370F3482F}.ReleaseMinDependency|Win32.ActiveCfg = Release|Any CPU
		{A69C1399-C4B8-428D-8C58-8D5370F3482F}.ReleaseMinDependency|x64.ActiveCfg = Release|Any CPU
		{A69C1399-C4B8-428D-8C58-8D5370F3482F}.ReleaseMinDependency|x86.ActiveCfg = Release|Any CPU
		{B313D395-7118-4BB1-9A00-7B0463CECBAF}.Debug|Any CPU.ActiveCfg = Debug|x86
		{B313D395-7118-4BB1-9A00-7B0463CECBAF}.Debug|Mixed Platforms.ActiveCfg = Debug|x86
		{B313D395-7118-4BB1-9A00-7B0463CECBAF}.Debug|Mixed Platforms.Build.0 = Debug|x86
		{B313D395-7118-4BB1-9A00-7B0463CECBAF}.Debug|Win32.ActiveCfg = Debug|x86
		{B313D395-7118-4BB1-9A00-7B0463CECBAF}.Debug|x64.ActiveCfg = Debug|x86
		{B313D395-7118-4BB1-9A00-7B0463CECBAF}.Debug|x86.ActiveCfg = Debug|x86
		{B313D395-7118-4BB1-9A00-7B0463CECBAF}.Debug|x86.Build.0 = Debug|x86
		{B313D395-7118-4BB1-9A00-7B0463CECBAF}.Release|Any CPU.ActiveCfg = Release|x86
		{B313D395-7118-4BB1-9A00-7B0463CECBAF}.Release|Mixed Platforms.ActiveCfg = Release|x86
		{B313D395-7118-4BB1-9A00-7B0463CECBAF}.Release|Mixed Platforms.Build.0 = Release|x86
		{B313D395-7118-4BB1-9A00-7B0463CECBAF}.Release|Win32.ActiveCfg = Release|x86
		{B313D395-7118-4BB1-9A00-7B0463CECBAF}.Release|x64.ActiveCfg = Release|x86
		{B313D395-7118-4BB1-9A00-7B0463CECBAF}.Release|x86.ActiveCfg = Release|x86
		{B313D395-7118-4BB1-9A00-7B0463CECBAF}.Release|x86.Build.0 = Release|x86
		{B313D395-7118-4BB1-9A00-7B0463CECBAF}.ReleaseMinDependency|Any CPU.ActiveCfg = Release|x86
		{B313D395-7118-4BB1-9A00-7B0463CECBAF}.ReleaseMinDependency|Mixed Platforms.ActiveCfg = Release|x86
		{B313D395-7118-4BB1-9A00-7B0463CECBAF}.ReleaseMinDependency|Mixed Platforms.Build.0 = Release|x86
		{B313D395-7118-4BB1-9A00-7B0463CECBAF}.ReleaseMinDependency|Win32.ActiveCfg = Release|x86
		{B313D395-7118-4BB1-9A00-7B0463CECBAF}.ReleaseMinDependency|x64.ActiveCfg = Release|x86
		{B313D395-7118-4BB1-9A00-7B0463CECBAF}.ReleaseMinDependency|x86.ActiveCfg = Release|x86
		{B313D395-7118-4BB1-9A00-7B0463CECBAF}.ReleaseMinDependency|x86.Build.0 = Release|x86
		{34560B8F-4BE4-478B-A5BC-AA168832F09B}.Debug|Any CPU.ActiveCfg = Debug|Any CPU
		{34560B8F-4BE4-478B-A5BC-AA168832F09B}.Debug|Any CPU.Build.0 = Debug|Any CPU
		{34560B8F-4BE4-478B-A5BC-AA168832F09B}.Debug|Mixed Platforms.ActiveCfg = Debug|Any CPU
		{34560B8F-4BE4-478B-A5BC-AA168832F09B}.Debug|Mixed Platforms.Build.0 = Debug|Any CPU
		{34560B8F-4BE4-478B-A5BC-AA168832F09B}.Debug|Win32.ActiveCfg = Debug|Any CPU
		{34560B8F-4BE4-478B-A5BC-AA168832F09B}.Debug|x64.ActiveCfg = Debug|Any CPU
		{34560B8F-4BE4-478B-A5BC-AA168832F09B}.Debug|x86.ActiveCfg = Debug|Any CPU
		{34560B8F-4BE4-478B-A5BC-AA168832F09B}.Release|Any CPU.ActiveCfg = Release|Any CPU
		{34560B8F-4BE4-478B-A5BC-AA168832F09B}.Release|Any CPU.Build.0 = Release|Any CPU
		{34560B8F-4BE4-478B-A5BC-AA168832F09B}.Release|Mixed Platforms.ActiveCfg = Release|Any CPU
		{34560B8F-4BE4-478B-A5BC-AA168832F09B}.Release|Mixed Platforms.Build.0 = Release|Any CPU
		{34560B8F-4BE4-478B-A5BC-AA168832F09B}.Release|Win32.ActiveCfg = Release|Any CPU
		{34560B8F-4BE4-478B-A5BC-AA168832F09B}.Release|x64.ActiveCfg = Release|Any CPU
		{34560B8F-4BE4-478B-A5BC-AA168832F09B}.Release|x86.ActiveCfg = Release|Any CPU
		{34560B8F-4BE4-478B-A5BC-AA168832F09B}.ReleaseMinDependency|Any CPU.ActiveCfg = Release|Any CPU
		{34560B8F-4BE4-478B-A5BC-AA168832F09B}.ReleaseMinDependency|Any CPU.Build.0 = Release|Any CPU
		{34560B8F-4BE4-478B-A5BC-AA168832F09B}.ReleaseMinDependency|Mixed Platforms.ActiveCfg = Release|Any CPU
		{34560B8F-4BE4-478B-A5BC-AA168832F09B}.ReleaseMinDependency|Mixed Platforms.Build.0 = Release|Any CPU
		{34560B8F-4BE4-478B-A5BC-AA168832F09B}.ReleaseMinDependency|Win32.ActiveCfg = Release|Any CPU
		{34560B8F-4BE4-478B-A5BC-AA168832F09B}.ReleaseMinDependency|x64.ActiveCfg = Release|Any CPU
		{34560B8F-4BE4-478B-A5BC-AA168832F09B}.ReleaseMinDependency|x86.ActiveCfg = Release|Any CPU
		{D4AE4B03-4DAB-4D7D-AB54-F61C53CAB1D5}.Debug|Any CPU.ActiveCfg = Debug|Any CPU
		{D4AE4B03-4DAB-4D7D-AB54-F61C53CAB1D5}.Debug|Any CPU.Build.0 = Debug|Any CPU
		{D4AE4B03-4DAB-4D7D-AB54-F61C53CAB1D5}.Debug|Mixed Platforms.ActiveCfg = Debug|Any CPU
		{D4AE4B03-4DAB-4D7D-AB54-F61C53CAB1D5}.Debug|Mixed Platforms.Build.0 = Debug|Any CPU
		{D4AE4B03-4DAB-4D7D-AB54-F61C53CAB1D5}.Debug|Win32.ActiveCfg = Debug|Any CPU
		{D4AE4B03-4DAB-4D7D-AB54-F61C53CAB1D5}.Debug|x64.ActiveCfg = Debug|Any CPU
		{D4AE4B03-4DAB-4D7D-AB54-F61C53CAB1D5}.Debug|x86.ActiveCfg = Debug|Any CPU
		{D4AE4B03-4DAB-4D7D-AB54-F61C53CAB1D5}.Release|Any CPU.ActiveCfg = Release|Any CPU
		{D4AE4B03-4DAB-4D7D-AB54-F61C53CAB1D5}.Release|Any CPU.Build.0 = Release|Any CPU
		{D4AE4B03-4DAB-4D7D-AB54-F61C53CAB1D5}.Release|Mixed Platforms.ActiveCfg = Release|Any CPU
		{D4AE4B03-4DAB-4D7D-AB54-F61C53CAB1D5}.Release|Mixed Platforms.Build.0 = Release|Any CPU
		{D4AE4B03-4DAB-4D7D-AB54-F61C53CAB1D5}.Release|Win32.ActiveCfg = Release|Any CPU
		{D4AE4B03-4DAB-4D7D-AB54-F61C53CAB1D5}.Release|x64.ActiveCfg = Release|Any CPU
		{D4AE4B03-4DAB-4D7D-AB54-F61C53CAB1D5}.Release|x86.ActiveCfg = Release|Any CPU
		{D4AE4B03-4DAB-4D7D-AB54-F61C53CAB1D5}.ReleaseMinDependency|Any CPU.ActiveCfg = Release|Any CPU
		{D4AE4B03-4DAB-4D7D-AB54-F61C53CAB1D5}.ReleaseMinDependency|Any CPU.Build.0 = Release|Any CPU
		{D4AE4B03-4DAB-4D7D-AB54-F61C53CAB1D5}.ReleaseMinDependency|Mixed Platforms.ActiveCfg = Release|Any CPU
		{D4AE4B03-4DAB-4D7D-AB54-F61C53CAB1D5}.ReleaseMinDependency|Mixed Platforms.Build.0 = Release|Any CPU
		{D4AE4B03-4DAB-4D7D-AB54-F61C53CAB1D5}.ReleaseMinDependency|Win32.ActiveCfg = Release|Any CPU
		{D4AE4B03-4DAB-4D7D-AB54-F61C53CAB1D5}.ReleaseMinDependency|x64.ActiveCfg = Release|Any CPU
		{D4AE4B03-4DAB-4D7D-AB54-F61C53CAB1D5}.ReleaseMinDependency|x86.ActiveCfg = Release|Any CPU
		{03DB364B-ADB1-4EB1-B503-17576DC2CA62}.Debug|Any CPU.ActiveCfg = Debug|Any CPU
		{03DB364B-ADB1-4EB1-B503-17576DC2CA62}.Debug|Any CPU.Build.0 = Debug|Any CPU
		{03DB364B-ADB1-4EB1-B503-17576DC2CA62}.Debug|Mixed Platforms.ActiveCfg = Debug|Any CPU
		{03DB364B-ADB1-4EB1-B503-17576DC2CA62}.Debug|Mixed Platforms.Build.0 = Debug|Any CPU
		{03DB364B-ADB1-4EB1-B503-17576DC2CA62}.Debug|Win32.ActiveCfg = Debug|Any CPU
		{03DB364B-ADB1-4EB1-B503-17576DC2CA62}.Debug|x64.ActiveCfg = Debug|Any CPU
		{03DB364B-ADB1-4EB1-B503-17576DC2CA62}.Debug|x86.ActiveCfg = Debug|Any CPU
		{03DB364B-ADB1-4EB1-B503-17576DC2CA62}.Release|Any CPU.ActiveCfg = Release|Any CPU
		{03DB364B-ADB1-4EB1-B503-17576DC2CA62}.Release|Any CPU.Build.0 = Release|Any CPU
		{03DB364B-ADB1-4EB1-B503-17576DC2CA62}.Release|Mixed Platforms.ActiveCfg = Release|Any CPU
		{03DB364B-ADB1-4EB1-B503-17576DC2CA62}.Release|Mixed Platforms.Build.0 = Release|Any CPU
		{03DB364B-ADB1-4EB1-B503-17576DC2CA62}.Release|Win32.ActiveCfg = Release|Any CPU
		{03DB364B-ADB1-4EB1-B503-17576DC2CA62}.Release|x64.ActiveCfg = Release|Any CPU
		{03DB364B-ADB1-4EB1-B503-17576DC2CA62}.Release|x86.ActiveCfg = Release|Any CPU
		{03DB364B-ADB1-4EB1-B503-17576DC2CA62}.ReleaseMinDependency|Any CPU.ActiveCfg = Release|Any CPU
		{03DB364B-ADB1-4EB1-B503-17576DC2CA62}.ReleaseMinDependency|Any CPU.Build.0 = Release|Any CPU
		{03DB364B-ADB1-4EB1-B503-17576DC2CA62}.ReleaseMinDependency|Mixed Platforms.ActiveCfg = Release|Any CPU
		{03DB364B-ADB1-4EB1-B503-17576DC2CA62}.ReleaseMinDependency|Mixed Platforms.Build.0 = Release|Any CPU
		{03DB364B-ADB1-4EB1-B503-17576DC2CA62}.ReleaseMinDependency|Win32.ActiveCfg = Release|Any CPU
		{03DB364B-ADB1-4EB1-B503-17576DC2CA62}.ReleaseMinDependency|x64.ActiveCfg = Release|Any CPU
		{03DB364B-ADB1-4EB1-B503-17576DC2CA62}.ReleaseMinDependency|x86.ActiveCfg = Release|Any CPU
		{E080EE60-2CA0-4B6C-AE1C-907F4D6C70F0}.Debug|Any CPU.ActiveCfg = Debug|Any CPU
		{E080EE60-2CA0-4B6C-AE1C-907F4D6C70F0}.Debug|Any CPU.Build.0 = Debug|Any CPU
		{E080EE60-2CA0-4B6C-AE1C-907F4D6C70F0}.Debug|Mixed Platforms.ActiveCfg = Debug|Any CPU
		{E080EE60-2CA0-4B6C-AE1C-907F4D6C70F0}.Debug|Mixed Platforms.Build.0 = Debug|Any CPU
		{E080EE60-2CA0-4B6C-AE1C-907F4D6C70F0}.Debug|Win32.ActiveCfg = Debug|Any CPU
		{E080EE60-2CA0-4B6C-AE1C-907F4D6C70F0}.Debug|x64.ActiveCfg = Debug|Any CPU
		{E080EE60-2CA0-4B6C-AE1C-907F4D6C70F0}.Debug|x86.ActiveCfg = Debug|Any CPU
		{E080EE60-2CA0-4B6C-AE1C-907F4D6C70F0}.Release|Any CPU.ActiveCfg = Release|Any CPU
		{E080EE60-2CA0-4B6C-AE1C-907F4D6C70F0}.Release|Any CPU.Build.0 = Release|Any CPU
		{E080EE60-2CA0-4B6C-AE1C-907F4D6C70F0}.Release|Mixed Platforms.ActiveCfg = Release|Any CPU
		{E080EE60-2CA0-4B6C-AE1C-907F4D6C70F0}.Release|Mixed Platforms.Build.0 = Release|Any CPU
		{E080EE60-2CA0-4B6C-AE1C-907F4D6C70F0}.Release|Win32.ActiveCfg = Release|Any CPU
		{E080EE60-2CA0-4B6C-AE1C-907F4D6C70F0}.Release|x64.ActiveCfg = Release|Any CPU
		{E080EE60-2CA0-4B6C-AE1C-907F4D6C70F0}.Release|x86.ActiveCfg = Release|Any CPU
		{E080EE60-2CA0-4B6C-AE1C-907F4D6C70F0}.ReleaseMinDependency|Any CPU.ActiveCfg = Release|Any CPU
		{E080EE60-2CA0-4B6C-AE1C-907F4D6C70F0}.ReleaseMinDependency|Any CPU.Build.0 = Release|Any CPU
		{E080EE60-2CA0-4B6C-AE1C-907F4D6C70F0}.ReleaseMinDependency|Mixed Platforms.ActiveCfg = Release|Any CPU
		{E080EE60-2CA0-4B6C-AE1C-907F4D6C70F0}.ReleaseMinDependency|Mixed Platforms.Build.0 = Release|Any CPU
		{E080EE60-2CA0-4B6C-AE1C-907F4D6C70F0}.ReleaseMinDependency|Win32.ActiveCfg = Release|Any CPU
		{E080EE60-2CA0-4B6C-AE1C-907F4D6C70F0}.ReleaseMinDependency|x64.ActiveCfg = Release|Any CPU
		{E080EE60-2CA0-4B6C-AE1C-907F4D6C70F0}.ReleaseMinDependency|x86.ActiveCfg = Release|Any CPU
	EndGlobalSection
	GlobalSection(SolutionProperties) = preSolution
		HideSolutionNode = FALSE
	EndGlobalSection
EndGlobal
